
Microsoft Visual Studio Solution File, Format Version 12.00
# Visual Studio Version 17
VisualStudioVersion = 17.11.35312.102
MinimumVisualStudioVersion = 10.0.40219.1
Project("{FAE04EC0-301F-11D3-BF4B-00C04F79EFBC}") = "AdamAsmaca", "AdamAsmaca\AdamAsmaca.csproj", "{314DC9BC-43A0-42CF-A317-78C678309C4D}"
EndProject
Global
	GlobalSection(SolutionConfigurationPlatforms) = preSolution
		Debug|Any CPU = Debug|Any CPU
		Release|Any CPU = Release|Any CPU
	EndGlobalSection
	GlobalSection(ProjectConfigurationPlatforms) = postSolution
		{314DC9BC-43A0-42CF-A317-78C678309C4D}.Debug|Any CPU.ActiveCfg = Debug|Any CPU
		{314DC9BC-43A0-42CF-A317-78C678309C4D}.Debug|Any CPU.Build.0 = Debug|Any CPU
		{314DC9BC-43A0-42CF-A317-78C678309C4D}.Release|Any CPU.ActiveCfg = Release|Any CPU
		{314DC9BC-43A0-42CF-A317-78C678309C4D}.Release|Any CPU.Build.0 = Release|Any CPU
	EndGlobalSection
	GlobalSection(SolutionProperties) = preSolution
		HideSolutionNode = FALSE
	EndGlobalSection
	GlobalSection(ExtensibilityGlobals) = postSolution
		SolutionGuid = {CD0747B8-3103-4090-AE69-7D3E20BDC64C}
	EndGlobalSection
EndGlobal
